
Microsoft Visual Studio Solution File, Format Version 12.00
# Visual Studio 15
VisualStudioVersion = 15.0.26430.12
MinimumVisualStudioVersion = 10.0.40219.1
Project("{FAE04EC0-301F-11D3-BF4B-00C04F79EFBC}") = "GettingStarted", "GettingStarted.csproj", "{83F206C4-B1E8-4BCB-8515-13711E7EE688}"
EndProject
Project("{FAE04EC0-301F-11D3-BF4B-00C04F79EFBC}") = "FavoriteFood", "..\FavoriteFood\FavoriteFood.csproj", "{0D4C5D86-4101-4A7F-A336-0719C57EE21E}"
EndProject
Project("{FAE04EC0-301F-11D3-BF4B-00C04F79EFBC}") = "Password Aut", "..\Password Aut\Password Aut.csproj", "{2693D4A1-10F2-4F06-B7B8-D83738B7F631}"
EndProject
Project("{FAE04EC0-301F-11D3-BF4B-00C04F79EFBC}") = "Find Largest", "..\Find Largest\Find Largest.csproj", "{45740FF8-8270-437B-8320-97EE7FBE8E0A}"
EndProject
Project("{FAE04EC0-301F-11D3-BF4B-00C04F79EFBC}") = "Grade Match", "..\Grade Match\Grade Match.csproj", "{F11F036C-40CD-459E-AC1E-406E8BA6FE8F}"
EndProject
Project("{FAE04EC0-301F-11D3-BF4B-00C04F79EFBC}") = "Palindromes", "Palindromes\Palindromes.csproj", "{B8E042A5-CBE8-4721-A1B5-F019FB5F5EB7}"
EndProject
Project("{FAE04EC0-301F-11D3-BF4B-00C04F79EFBC}") = "Calculator", "Calculator\Calculator.csproj", "{50605AD4-0CA2-45D5-9A41-95D0DB7E9A2C}"
EndProject
Global
	GlobalSection(SolutionConfigurationPlatforms) = preSolution
		Debug|Any CPU = Debug|Any CPU
		Release|Any CPU = Release|Any CPU
	EndGlobalSection
	GlobalSection(ProjectConfigurationPlatforms) = postSolution
		{83F206C4-B1E8-4BCB-8515-13711E7EE688}.Debug|Any CPU.ActiveCfg = Debug|Any CPU
		{83F206C4-B1E8-4BCB-8515-13711E7EE688}.Debug|Any CPU.Build.0 = Debug|Any CPU
		{83F206C4-B1E8-4BCB-8515-13711E7EE688}.Release|Any CPU.ActiveCfg = Release|Any CPU
		{83F206C4-B1E8-4BCB-8515-13711E7EE688}.Release|Any CPU.Build.0 = Release|Any CPU
		{0D4C5D86-4101-4A7F-A336-0719C57EE21E}.Debug|Any CPU.ActiveCfg = Debug|Any CPU
		{0D4C5D86-4101-4A7F-A336-0719C57EE21E}.Debug|Any CPU.Build.0 = Debug|Any CPU
		{0D4C5D86-4101-4A7F-A336-0719C57EE21E}.Release|Any CPU.ActiveCfg = Release|Any CPU
		{0D4C5D86-4101-4A7F-A336-0719C57EE21E}.Release|Any CPU.Build.0 = Release|Any CPU
		{2693D4A1-10F2-4F06-B7B8-D83738B7F631}.Debug|Any CPU.ActiveCfg = Debug|Any CPU
		{2693D4A1-10F2-4F06-B7B8-D83738B7F631}.Debug|Any CPU.Build.0 = Debug|Any CPU
		{2693D4A1-10F2-4F06-B7B8-D83738B7F631}.Release|Any CPU.ActiveCfg = Release|Any CPU
		{2693D4A1-10F2-4F06-B7B8-D83738B7F631}.Release|Any CPU.Build.0 = Release|Any CPU
		{45740FF8-8270-437B-8320-97EE7FBE8E0A}.Debug|Any CPU.ActiveCfg = Debug|Any CPU
		{45740FF8-8270-437B-8320-97EE7FBE8E0A}.Debug|Any CPU.Build.0 = Debug|Any CPU
		{45740FF8-8270-437B-8320-97EE7FBE8E0A}.Release|Any CPU.ActiveCfg = Release|Any CPU
		{45740FF8-8270-437B-8320-97EE7FBE8E0A}.Release|Any CPU.Build.0 = Release|Any CPU
		{F11F036C-40CD-459E-AC1E-406E8BA6FE8F}.Debug|Any CPU.ActiveCfg = Debug|Any CPU
		{F11F036C-40CD-459E-AC1E-406E8BA6FE8F}.Debug|Any CPU.Build.0 = Debug|Any CPU
		{F11F036C-40CD-459E-AC1E-406E8BA6FE8F}.Release|Any CPU.ActiveCfg = Release|Any CPU
		{F11F036C-40CD-459E-AC1E-406E8BA6FE8F}.Release|Any CPU.Build.0 = Release|Any CPU
		{B8E042A5-CBE8-4721-A1B5-F019FB5F5EB7}.Debug|Any CPU.ActiveCfg = Debug|Any CPU
		{B8E042A5-CBE8-4721-A1B5-F019FB5F5EB7}.Debug|Any CPU.Build.0 = Debug|Any CPU
		{B8E042A5-CBE8-4721-A1B5-F019FB5F5EB7}.Release|Any CPU.ActiveCfg = Release|Any CPU
		{B8E042A5-CBE8-4721-A1B5-F019FB5F5EB7}.Release|Any CPU.Build.0 = Release|Any CPU
		{50605AD4-0CA2-45D5-9A41-95D0DB7E9A2C}.Debug|Any CPU.ActiveCfg = Debug|Any CPU
		{50605AD4-0CA2-45D5-9A41-95D0DB7E9A2C}.Debug|Any CPU.Build.0 = Debug|Any CPU
		{50605AD4-0CA2-45D5-9A41-95D0DB7E9A2C}.Release|Any CPU.ActiveCfg = Release|Any CPU
		{50605AD4-0CA2-45D5-9A41-95D0DB7E9A2C}.Release|Any CPU.Build.0 = Release|Any CPU
	EndGlobalSection
	GlobalSection(SolutionProperties) = preSolution
		HideSolutionNode = FALSE
	EndGlobalSection
EndGlobal
